
Microsoft Visual Studio Solution File, Format Version 12.00
# Visual Studio Version 16
VisualStudioVersion = 16.0.31313.79
MinimumVisualStudioVersion = 10.0.40219.1
Project("{9A19103F-16F7-4668-BE54-9A1E7A4F7556}") = "Thesaurus.Engine.BAL", "Thesaurus.Engine.BAL\Thesaurus.Engine.BAL.csproj", "{F3B70F0D-FCA9-437E-BEDD-2A316E36B5B7}"
EndProject
Project("{9A19103F-16F7-4668-BE54-9A1E7A4F7556}") = "Thesaurus.Engine.DAL", "Thesaurus.Engine.DAL\Thesaurus.Engine.DAL.csproj", "{4416469E-B1AC-4C5A-BDB2-A516AFF5A156}"
EndProject
Project("{9A19103F-16F7-4668-BE54-9A1E7A4F7556}") = "Thesaurus.Engine.Tests", "Thesaurus.Engine.Tests\Thesaurus.Engine.Tests.csproj", "{0AF421AC-BA58-40E3-926A-AF391CA7B7A1}"
EndProject
Project("{9A19103F-16F7-4668-BE54-9A1E7A4F7556}") = "Thesaurus.Engine.Common", "Thesaurus.Engine.Common\Thesaurus.Engine.Common.csproj", "{C9FF6820-5C85-4DD9-8312-701BBED18A5D}"
EndProject
Project("{9A19103F-16F7-4668-BE54-9A1E7A4F7556}") = "Thesaurus.Engine.API", "Thesaurus.Engine.API\Thesaurus.Engine.API.csproj", "{E0E3AB8B-0485-4DFD-BAB8-A37A0C19FA95}"
EndProject
Project("{9A19103F-16F7-4668-BE54-9A1E7A4F7556}") = "Thesaurus.Engine.Web", "Thesaurus.Engine.Web\Thesaurus.Engine.Web.csproj", "{40CFC74B-47FB-49D6-BBFC-18E90D139EE4}"
EndProject
Global
	GlobalSection(SolutionConfigurationPlatforms) = preSolution
		Debug|Any CPU = Debug|Any CPU
		Release|Any CPU = Release|Any CPU
	EndGlobalSection
	GlobalSection(ProjectConfigurationPlatforms) = postSolution
		{F3B70F0D-FCA9-437E-BEDD-2A316E36B5B7}.Debug|Any CPU.ActiveCfg = Debug|Any CPU
		{F3B70F0D-FCA9-437E-BEDD-2A316E36B5B7}.Debug|Any CPU.Build.0 = Debug|Any CPU
		{F3B70F0D-FCA9-437E-BEDD-2A316E36B5B7}.Release|Any CPU.ActiveCfg = Release|Any CPU
		{F3B70F0D-FCA9-437E-BEDD-2A316E36B5B7}.Release|Any CPU.Build.0 = Release|Any CPU
		{4416469E-B1AC-4C5A-BDB2-A516AFF5A156}.Debug|Any CPU.ActiveCfg = Debug|Any CPU
		{4416469E-B1AC-4C5A-BDB2-A516AFF5A156}.Debug|Any CPU.Build.0 = Debug|Any CPU
		{4416469E-B1AC-4C5A-BDB2-A516AFF5A156}.Release|Any CPU.ActiveCfg = Release|Any CPU
		{4416469E-B1AC-4C5A-BDB2-A516AFF5A156}.Release|Any CPU.Build.0 = Release|Any CPU
		{0AF421AC-BA58-40E3-926A-AF391CA7B7A1}.Debug|Any CPU.ActiveCfg = Debug|Any CPU
		{0AF421AC-BA58-40E3-926A-AF391CA7B7A1}.Debug|Any CPU.Build.0 = Debug|Any CPU
		{0AF421AC-BA58-40E3-926A-AF391CA7B7A1}.Release|Any CPU.ActiveCfg = Release|Any CPU
		{0AF421AC-BA58-40E3-926A-AF391CA7B7A1}.Release|Any CPU.Build.0 = Release|Any CPU
		{C9FF6820-5C85-4DD9-8312-701BBED18A5D}.Debug|Any CPU.ActiveCfg = Debug|Any CPU
		{C9FF6820-5C85-4DD9-8312-701BBED18A5D}.Debug|Any CPU.Build.0 = Debug|Any CPU
		{C9FF6820-5C85-4DD9-8312-701BBED18A5D}.Release|Any CPU.ActiveCfg = Release|Any CPU
		{C9FF6820-5C85-4DD9-8312-701BBED18A5D}.Release|Any CPU.Build.0 = Release|Any CPU
		{E0E3AB8B-0485-4DFD-BAB8-A37A0C19FA95}.Debug|Any CPU.ActiveCfg = Debug|Any CPU
		{E0E3AB8B-0485-4DFD-BAB8-A37A0C19FA95}.Debug|Any CPU.Build.0 = Debug|Any CPU
		{E0E3AB8B-0485-4DFD-BAB8-A37A0C19FA95}.Release|Any CPU.ActiveCfg = Release|Any CPU
		{E0E3AB8B-0485-4DFD-BAB8-A37A0C19FA95}.Release|Any CPU.Build.0 = Release|Any CPU
		{40CFC74B-47FB-49D6-BBFC-18E90D139EE4}.Debug|Any CPU.ActiveCfg = Debug|Any CPU
		{40CFC74B-47FB-49D6-BBFC-18E90D139EE4}.Debug|Any CPU.Build.0 = Debug|Any CPU
		{40CFC74B-47FB-49D6-BBFC-18E90D139EE4}.Release|Any CPU.ActiveCfg = Release|Any CPU
		{40CFC74B-47FB-49D6-BBFC-18E90D139EE4}.Release|Any CPU.Build.0 = Release|Any CPU
	EndGlobalSection
	GlobalSection(SolutionProperties) = preSolution
		HideSolutionNode = FALSE
	EndGlobalSection
	GlobalSection(ExtensibilityGlobals) = postSolution
		SolutionGuid = {66E57CD4-8E5A-45EE-B398-ECF6378AA99F}
	EndGlobalSection
EndGlobal
